
Microsoft Visual Studio Solution File, Format Version 12.00
# Visual Studio 14
VisualStudioVersion = 14.0.23107.0
MinimumVisualStudioVersion = 10.0.40219.1
Project("{888888A0-9F3D-457C-B088-3A5042F75D52}") = "HelloWorld", "HelloWorld\HelloWorld.pyproj", "{70B8A9E3-7D43-4768-9BF3-42F1520AA254}"
EndProject
Project("{888888A0-9F3D-457C-B088-3A5042F75D52}") = "InstallLogger", "InstallLogger\InstallLogger.pyproj", "{BF2D99AE-29B8-47E2-8720-9A7BE85321CC}"
EndProject
Global
	GlobalSection(SolutionConfigurationPlatforms) = preSolution
		Debug|Any CPU = Debug|Any CPU
		Release|Any CPU = Release|Any CPU
	EndGlobalSection
	GlobalSection(ProjectConfigurationPlatforms) = postSolution
		{70B8A9E3-7D43-4768-9BF3-42F1520AA254}.Debug|Any CPU.ActiveCfg = Debug|Any CPU
		{70B8A9E3-7D43-4768-9BF3-42F1520AA254}.Release|Any CPU.ActiveCfg = Release|Any CPU
		{BF2D99AE-29B8-47E2-8720-9A7BE85321CC}.Debug|Any CPU.ActiveCfg = Debug|Any CPU
		{BF2D99AE-29B8-47E2-8720-9A7BE85321CC}.Release|Any CPU.ActiveCfg = Release|Any CPU
	EndGlobalSection
	GlobalSection(SolutionProperties) = preSolution
		HideSolutionNode = FALSE
	EndGlobalSection
EndGlobal
